
Microsoft Visual Studio Solution File, Format Version 12.00
# Visual Studio Version 16
VisualStudioVersion = 16.0.30907.101
MinimumVisualStudioVersion = 10.0.40219.1
Project("{FAE04EC0-301F-11D3-BF4B-00C04F79EFBC}") = "ParallelCopy", "ParallelCopy\ParallelCopy.csproj", "{67206552-F97D-4EEA-AF32-5B657C0B4565}"
EndProject
Global
	GlobalSection(SolutionConfigurationPlatforms) = preSolution
		Debug|Any CPU = Debug|Any CPU
		Release|Any CPU = Release|Any CPU
	EndGlobalSection
	GlobalSection(ProjectConfigurationPlatforms) = postSolution
		{67206552-F97D-4EEA-AF32-5B657C0B4565}.Debug|Any CPU.ActiveCfg = Debug|Any CPU
		{67206552-F97D-4EEA-AF32-5B657C0B4565}.Debug|Any CPU.Build.0 = Debug|Any CPU
		{67206552-F97D-4EEA-AF32-5B657C0B4565}.Release|Any CPU.ActiveCfg = Release|Any CPU
		{67206552-F97D-4EEA-AF32-5B657C0B4565}.Release|Any CPU.Build.0 = Release|Any CPU
	EndGlobalSection
	GlobalSection(SolutionProperties) = preSolution
		HideSolutionNode = FALSE
	EndGlobalSection
	GlobalSection(ExtensibilityGlobals) = postSolution
		SolutionGuid = {25824E46-3D8A-404E-9575-E2DFA6DFF423}
	EndGlobalSection
EndGlobal
